// !$*UTF8*$!
{
	archiveVersion = 1;
	classes = {
	};
	objectVersion = 56;
	objects = {

/* Begin PBXBuildFile section */
		891FB0D72BB99B39005C5EC2 /* Sky_GuardianApp.swift in Sources */ = {isa = PBXBuildFile; fileRef = 891FB0D62BB99B39005C5EC2 /* Sky_GuardianApp.swift */; };
		891FB0D92BB99B39005C5EC2 /* ContentView.swift in Sources */ = {isa = PBXBuildFile; fileRef = 891FB0D82BB99B39005C5EC2 /* ContentView.swift */; };
		891FB0DB2BB99B3A005C5EC2 /* Assets.xcassets in Resources */ = {isa = PBXBuildFile; fileRef = 891FB0DA2BB99B3A005C5EC2 /* Assets.xcassets */; };
		891FB0DE2BB99B3A005C5EC2 /* Preview Assets.xcassets in Resources */ = {isa = PBXBuildFile; fileRef = 891FB0DD2BB99B3A005C5EC2 /* Preview Assets.xcassets */; };
		891FB0E72BB99DB4005C5EC2 /* GameScene.swift in Sources */ = {isa = PBXBuildFile; fileRef = 891FB0E62BB99DB4005C5EC2 /* GameScene.swift */; };
		891FB0EE2BB9B503005C5EC2 /* PhysicsCategory.swift in Sources */ = {isa = PBXBuildFile; fileRef = 891FB0ED2BB9B503005C5EC2 /* PhysicsCategory.swift */; };
		892DD74A2BC5336000CBC211 /* Haptics.swift in Sources */ = {isa = PBXBuildFile; fileRef = 892DD7492BC5336000CBC211 /* Haptics.swift */; };
		892DD74C2BC5934000CBC211 /* GameSceneViewModel.swift in Sources */ = {isa = PBXBuildFile; fileRef = 892DD74B2BC5934000CBC211 /* GameSceneViewModel.swift */; };
		893D35AC2BBC76D20047126A /* EnemyMoveDirection.swift in Sources */ = {isa = PBXBuildFile; fileRef = 893D35AB2BBC76D20047126A /* EnemyMoveDirection.swift */; };
		893D35AE2BBC76F30047126A /* EnemyType.swift in Sources */ = {isa = PBXBuildFile; fileRef = 893D35AD2BBC76F30047126A /* EnemyType.swift */; };
		89509DB32BC40DAF00F8B923 /* kongtext.ttf in Resources */ = {isa = PBXBuildFile; fileRef = 89509DB22BC40DAF00F8B923 /* kongtext.ttf */; };
		89509DB72BC41E3A00F8B923 /* GameView.swift in Sources */ = {isa = PBXBuildFile; fileRef = 89509DB62BC41E3A00F8B923 /* GameView.swift */; };
		89509DBA2BC41FEF00F8B923 /* ResultsBoard.swift in Sources */ = {isa = PBXBuildFile; fileRef = 89509DB92BC41FEF00F8B923 /* ResultsBoard.swift */; };
		8969637E2BC167E400632EE3 /* Fire.sks in Resources */ = {isa = PBXBuildFile; fileRef = 8969637C2BC167E400632EE3 /* Fire.sks */; };
		8969637F2BC167E400632EE3 /* Assets.xcassets in Resources */ = {isa = PBXBuildFile; fileRef = 8969637D2BC167E400632EE3 /* Assets.xcassets */; };
		896AE1952BBAD4E1000FD276 /* CGFloat+Extensions.swift in Sources */ = {isa = PBXBuildFile; fileRef = 896AE1942BBAD4E1000FD276 /* CGFloat+Extensions.swift */; };
		896AE1972BBB0590000FD276 /* CGPoint+Extensions.swift in Sources */ = {isa = PBXBuildFile; fileRef = 896AE1962BBB0590000FD276 /* CGPoint+Extensions.swift */; };
		89E7D33C2BC0367200753982 /* Extensions.swift in Sources */ = {isa = PBXBuildFile; fileRef = 89E7D33B2BC0367200753982 /* Extensions.swift */; };
/* End PBXBuildFile section */

/* Begin PBXFileReference section */
		891FB0D32BB99B39005C5EC2 /* Sky Guardian.app */ = {isa = PBXFileReference; explicitFileType = wrapper.application; includeInIndex = 0; path = "Sky Guardian.app"; sourceTree = BUILT_PRODUCTS_DIR; };
		891FB0D62BB99B39005C5EC2 /* Sky_GuardianApp.swift */ = {isa = PBXFileReference; lastKnownFileType = sourcecode.swift; path = Sky_GuardianApp.swift; sourceTree = "<group>"; };
		891FB0D82BB99B39005C5EC2 /* ContentView.swift */ = {isa = PBXFileReference; lastKnownFileType = sourcecode.swift; path = ContentView.swift; sourceTree = "<group>"; };
		891FB0DA2BB99B3A005C5EC2 /* Assets.xcassets */ = {isa = PBXFileReference; lastKnownFileType = folder.assetcatalog; path = Assets.xcassets; sourceTree = "<group>"; };
		891FB0DD2BB99B3A005C5EC2 /* Preview Assets.xcassets */ = {isa = PBXFileReference; lastKnownFileType = folder.assetcatalog; path = "Preview Assets.xcassets"; sourceTree = "<group>"; };
		891FB0E62BB99DB4005C5EC2 /* GameScene.swift */ = {isa = PBXFileReference; lastKnownFileType = sourcecode.swift; path = GameScene.swift; sourceTree = "<group>"; };
		891FB0ED2BB9B503005C5EC2 /* PhysicsCategory.swift */ = {isa = PBXFileReference; lastKnownFileType = sourcecode.swift; path = PhysicsCategory.swift; sourceTree = "<group>"; };
		892DD7492BC5336000CBC211 /* Haptics.swift */ = {isa = PBXFileReference; lastKnownFileType = sourcecode.swift; path = Haptics.swift; sourceTree = "<group>"; };
		892DD74B2BC5934000CBC211 /* GameSceneViewModel.swift */ = {isa = PBXFileReference; lastKnownFileType = sourcecode.swift; path = GameSceneViewModel.swift; sourceTree = "<group>"; };
		893D35AB2BBC76D20047126A /* EnemyMoveDirection.swift */ = {isa = PBXFileReference; lastKnownFileType = sourcecode.swift; path = EnemyMoveDirection.swift; sourceTree = "<group>"; };
		893D35AD2BBC76F30047126A /* EnemyType.swift */ = {isa = PBXFileReference; lastKnownFileType = sourcecode.swift; path = EnemyType.swift; sourceTree = "<group>"; };
		89509DB22BC40DAF00F8B923 /* kongtext.ttf */ = {isa = PBXFileReference; lastKnownFileType = file; path = kongtext.ttf; sourceTree = "<group>"; };
		89509DB52BC40DFF00F8B923 /* Sky-Guardian-Info.plist */ = {isa = PBXFileReference; lastKnownFileType = text.plist; path = "Sky-Guardian-Info.plist"; sourceTree = SOURCE_ROOT; };
		89509DB62BC41E3A00F8B923 /* GameView.swift */ = {isa = PBXFileReference; lastKnownFileType = sourcecode.swift; path = GameView.swift; sourceTree = "<group>"; };
		89509DB92BC41FEF00F8B923 /* ResultsBoard.swift */ = {isa = PBXFileReference; lastKnownFileType = sourcecode.swift; path = ResultsBoard.swift; sourceTree = "<group>"; };
		8969637C2BC167E400632EE3 /* Fire.sks */ = {isa = PBXFileReference; lastKnownFileType = file.sks; path = Fire.sks; sourceTree = "<group>"; };
		8969637D2BC167E400632EE3 /* Assets.xcassets */ = {isa = PBXFileReference; lastKnownFileType = folder.assetcatalog; path = Assets.xcassets; sourceTree = "<group>"; };
		896AE1942BBAD4E1000FD276 /* CGFloat+Extensions.swift */ = {isa = PBXFileReference; lastKnownFileType = sourcecode.swift; path = "CGFloat+Extensions.swift"; sourceTree = "<group>"; };
		896AE1962BBB0590000FD276 /* CGPoint+Extensions.swift */ = {isa = PBXFileReference; lastKnownFileType = sourcecode.swift; path = "CGPoint+Extensions.swift"; sourceTree = "<group>"; };
		89E7D33B2BC0367200753982 /* Extensions.swift */ = {isa = PBXFileReference; lastKnownFileType = sourcecode.swift; path = Extensions.swift; sourceTree = "<group>"; };
/* End PBXFileReference section */

/* Begin PBXFrameworksBuildPhase section */
		891FB0D02BB99B39005C5EC2 /* Frameworks */ = {
			isa = PBXFrameworksBuildPhase;
			buildActionMask = 2147483647;
			files = (
			);
			runOnlyForDeploymentPostprocessing = 0;
		};
/* End PBXFrameworksBuildPhase section */

/* Begin PBXGroup section */
		891FB0CA2BB99B39005C5EC2 = {
			isa = PBXGroup;
			children = (
				891FB0D52BB99B39005C5EC2 /* Sky Guardian */,
				891FB0D42BB99B39005C5EC2 /* Products */,
			);
			sourceTree = "<group>";
		};
		891FB0D42BB99B39005C5EC2 /* Products */ = {
			isa = PBXGroup;
			children = (
				891FB0D32BB99B39005C5EC2 /* Sky Guardian.app */,
			);
			name = Products;
			sourceTree = "<group>";
		};
		891FB0D52BB99B39005C5EC2 /* Sky Guardian */ = {
			isa = PBXGroup;
			children = (
				89509DB52BC40DFF00F8B923 /* Sky-Guardian-Info.plist */,
				89509DB82BC41E6F00F8B923 /* Views */,
				891FB0E42BB99D64005C5EC2 /* Game */,
				8969637B2BC167B400632EE3 /* Models */,
				896963802BC1B24400632EE3 /* Components */,
				891FB0EC2BB9B4CC005C5EC2 /* Tools */,
				891FB0E52BB99D79005C5EC2 /* Root */,
				89509DB42BC40DB400F8B923 /* Fonts */,
				891FB0DA2BB99B3A005C5EC2 /* Assets.xcassets */,
				891FB0DC2BB99B3A005C5EC2 /* Preview Content */,
			);
			path = "Sky Guardian";
			sourceTree = "<group>";
		};
		891FB0DC2BB99B3A005C5EC2 /* Preview Content */ = {
			isa = PBXGroup;
			children = (
				891FB0DD2BB99B3A005C5EC2 /* Preview Assets.xcassets */,
			);
			path = "Preview Content";
			sourceTree = "<group>";
		};
		891FB0E42BB99D64005C5EC2 /* Game */ = {
			isa = PBXGroup;
			children = (
				891FB0E62BB99DB4005C5EC2 /* GameScene.swift */,
				892DD74B2BC5934000CBC211 /* GameSceneViewModel.swift */,
			);
			path = Game;
			sourceTree = "<group>";
		};
		891FB0E52BB99D79005C5EC2 /* Root */ = {
			isa = PBXGroup;
			children = (
				891FB0D62BB99B39005C5EC2 /* Sky_GuardianApp.swift */,
			);
			path = Root;
			sourceTree = "<group>";
		};
		891FB0EC2BB9B4CC005C5EC2 /* Tools */ = {
			isa = PBXGroup;
			children = (
				896AE1942BBAD4E1000FD276 /* CGFloat+Extensions.swift */,
				896AE1962BBB0590000FD276 /* CGPoint+Extensions.swift */,
				89E7D33B2BC0367200753982 /* Extensions.swift */,
				892DD7492BC5336000CBC211 /* Haptics.swift */,
			);
			path = Tools;
			sourceTree = "<group>";
		};
		89509DB42BC40DB400F8B923 /* Fonts */ = {
			isa = PBXGroup;
			children = (
				89509DB22BC40DAF00F8B923 /* kongtext.ttf */,
			);
			path = Fonts;
			sourceTree = "<group>";
		};
		89509DB82BC41E6F00F8B923 /* Views */ = {
			isa = PBXGroup;
			children = (
				89509DB62BC41E3A00F8B923 /* GameView.swift */,
				891FB0D82BB99B39005C5EC2 /* ContentView.swift */,
			);
			path = Views;
			sourceTree = "<group>";
		};
		8969637B2BC167B400632EE3 /* Models */ = {
			isa = PBXGroup;
			children = (
				891FB0ED2BB9B503005C5EC2 /* PhysicsCategory.swift */,
				893D35AB2BBC76D20047126A /* EnemyMoveDirection.swift */,
				893D35AD2BBC76F30047126A /* EnemyType.swift */,
			);
			path = Models;
			sourceTree = "<group>";
		};
		896963802BC1B24400632EE3 /* Components */ = {
			isa = PBXGroup;
			children = (
				89509DB92BC41FEF00F8B923 /* ResultsBoard.swift */,
				8969637C2BC167E400632EE3 /* Fire.sks */,
				8969637D2BC167E400632EE3 /* Assets.xcassets */,
			);
			path = Components;
			sourceTree = "<group>";
		};
/* End PBXGroup section */

/* Begin PBXNativeTarget section */
		891FB0D22BB99B39005C5EC2 /* Sky Guardian */ = {
			isa = PBXNativeTarget;
			buildConfigurationList = 891FB0E12BB99B3A005C5EC2 /* Build configuration list for PBXNativeTarget "Sky Guardian" */;
			buildPhases = (
				891FB0CF2BB99B39005C5EC2 /* Sources */,
				891FB0D02BB99B39005C5EC2 /* Frameworks */,
				891FB0D12BB99B39005C5EC2 /* Resources */,
			);
			buildRules = (
			);
			dependencies = (
			);
			name = "Sky Guardian";
			productName = "Sky Guardian";
			productReference = 891FB0D32BB99B39005C5EC2 /* Sky Guardian.app */;
			productType = "com.apple.product-type.application";
		};
/* End PBXNativeTarget section */

/* Begin PBXProject section */
		891FB0CB2BB99B39005C5EC2 /* Project object */ = {
			isa = PBXProject;
			attributes = {
				BuildIndependentTargetsInParallel = 1;
				LastSwiftUpdateCheck = 1530;
				LastUpgradeCheck = 1530;
				TargetAttributes = {
					891FB0D22BB99B39005C5EC2 = {
						CreatedOnToolsVersion = 15.3;
					};
				};
			};
			buildConfigurationList = 891FB0CE2BB99B39005C5EC2 /* Build configuration list for PBXProject "Sky Guardian" */;
			compatibilityVersion = "Xcode 14.0";
			developmentRegion = en;
			hasScannedForEncodings = 0;
			knownRegions = (
				en,
				Base,
			);
			mainGroup = 891FB0CA2BB99B39005C5EC2;
			productRefGroup = 891FB0D42BB99B39005C5EC2 /* Products */;
			projectDirPath = "";
			projectRoot = "";
			targets = (
				891FB0D22BB99B39005C5EC2 /* Sky Guardian */,
			);
		};
/* End PBXProject section */

/* Begin PBXResourcesBuildPhase section */
		891FB0D12BB99B39005C5EC2 /* Resources */ = {
			isa = PBXResourcesBuildPhase;
			buildActionMask = 2147483647;
			files = (
				891FB0DE2BB99B3A005C5EC2 /* Preview Assets.xcassets in Resources */,
				89509DB32BC40DAF00F8B923 /* kongtext.ttf in Resources */,
				891FB0DB2BB99B3A005C5EC2 /* Assets.xcassets in Resources */,
				8969637E2BC167E400632EE3 /* Fire.sks in Resources */,
				8969637F2BC167E400632EE3 /* Assets.xcassets in Resources */,
			);
			runOnlyForDeploymentPostprocessing = 0;
		};
/* End PBXResourcesBuildPhase section */

/* Begin PBXSourcesBuildPhase section */
		891FB0CF2BB99B39005C5EC2 /* Sources */ = {
			isa = PBXSourcesBuildPhase;
			buildActionMask = 2147483647;
			files = (
				892DD74A2BC5336000CBC211 /* Haptics.swift in Sources */,
				896AE1972BBB0590000FD276 /* CGPoint+Extensions.swift in Sources */,
				891FB0E72BB99DB4005C5EC2 /* GameScene.swift in Sources */,
				893D35AE2BBC76F30047126A /* EnemyType.swift in Sources */,
				891FB0EE2BB9B503005C5EC2 /* PhysicsCategory.swift in Sources */,
				892DD74C2BC5934000CBC211 /* GameSceneViewModel.swift in Sources */,
				89509DB72BC41E3A00F8B923 /* GameView.swift in Sources */,
				893D35AC2BBC76D20047126A /* EnemyMoveDirection.swift in Sources */,
				891FB0D92BB99B39005C5EC2 /* ContentView.swift in Sources */,
				896AE1952BBAD4E1000FD276 /* CGFloat+Extensions.swift in Sources */,
				89509DBA2BC41FEF00F8B923 /* ResultsBoard.swift in Sources */,
				89E7D33C2BC0367200753982 /* Extensions.swift in Sources */,
				891FB0D72BB99B39005C5EC2 /* Sky_GuardianApp.swift in Sources */,
			);
			runOnlyForDeploymentPostprocessing = 0;
		};
/* End PBXSourcesBuildPhase section */

/* Begin XCBuildConfiguration section */
		891FB0DF2BB99B3A005C5EC2 /* Debug */ = {
			isa = XCBuildConfiguration;
			buildSettings = {
				ALWAYS_SEARCH_USER_PATHS = NO;
				ASSETCATALOG_COMPILER_GENERATE_SWIFT_ASSET_SYMBOL_EXTENSIONS = YES;
				CLANG_ANALYZER_NONNULL = YES;
				CLANG_ANALYZER_NUMBER_OBJECT_CONVERSION = YES_AGGRESSIVE;
				CLANG_CXX_LANGUAGE_STANDARD = "gnu++20";
				CLANG_ENABLE_MODULES = YES;
				CLANG_ENABLE_OBJC_ARC = YES;
				CLANG_ENABLE_OBJC_WEAK = YES;
				CLANG_WARN_BLOCK_CAPTURE_AUTORELEASING = YES;
				CLANG_WARN_BOOL_CONVERSION = YES;
				CLANG_WARN_COMMA = YES;
				CLANG_WARN_CONSTANT_CONVERSION = YES;
				CLANG_WARN_DEPRECATED_OBJC_IMPLEMENTATIONS = YES;
				CLANG_WARN_DIRECT_OBJC_ISA_USAGE = YES_ERROR;
				CLANG_WARN_DOCUMENTATION_COMMENTS = YES;
				CLANG_WARN_EMPTY_BODY = YES;
				CLANG_WARN_ENUM_CONVERSION = YES;
				CLANG_WARN_INFINITE_RECURSION = YES;
				CLANG_WARN_INT_CONVERSION = YES;
				CLANG_WARN_NON_LITERAL_NULL_CONVERSION = YES;
				CLANG_WARN_OBJC_IMPLICIT_RETAIN_SELF = YES;
				CLANG_WARN_OBJC_LITERAL_CONVERSION = YES;
				CLANG_WARN_OBJC_ROOT_CLASS = YES_ERROR;
				CLANG_WARN_QUOTED_INCLUDE_IN_FRAMEWORK_HEADER = YES;
				CLANG_WARN_RANGE_LOOP_ANALYSIS = YES;
				CLANG_WARN_STRICT_PROTOTYPES = YES;
				CLANG_WARN_SUSPICIOUS_MOVE = YES;
				CLANG_WARN_UNGUARDED_AVAILABILITY = YES_AGGRESSIVE;
				CLANG_WARN_UNREACHABLE_CODE = YES;
				CLANG_WARN__DUPLICATE_METHOD_MATCH = YES;
				COPY_PHASE_STRIP = NO;
				DEBUG_INFORMATION_FORMAT = dwarf;
				ENABLE_STRICT_OBJC_MSGSEND = YES;
				ENABLE_TESTABILITY = YES;
				ENABLE_USER_SCRIPT_SANDBOXING = YES;
				GCC_C_LANGUAGE_STANDARD = gnu17;
				GCC_DYNAMIC_NO_PIC = NO;
				GCC_NO_COMMON_BLOCKS = YES;
				GCC_OPTIMIZATION_LEVEL = 0;
				GCC_PREPROCESSOR_DEFINITIONS = (
					"DEBUG=1",
					"$(inherited)",
				);
				GCC_WARN_64_TO_32_BIT_CONVERSION = YES;
				GCC_WARN_ABOUT_RETURN_TYPE = YES_ERROR;
				GCC_WARN_UNDECLARED_SELECTOR = YES;
				GCC_WARN_UNINITIALIZED_AUTOS = YES_AGGRESSIVE;
				GCC_WARN_UNUSED_FUNCTION = YES;
				GCC_WARN_UNUSED_VARIABLE = YES;
				IPHONEOS_DEPLOYMENT_TARGET = 17.4;
				LOCALIZATION_PREFERS_STRING_CATALOGS = YES;
				MTL_ENABLE_DEBUG_INFO = INCLUDE_SOURCE;
				MTL_FAST_MATH = YES;
				ONLY_ACTIVE_ARCH = YES;
				SDKROOT = iphoneos;
				SWIFT_ACTIVE_COMPILATION_CONDITIONS = "DEBUG $(inherited)";
				SWIFT_OPTIMIZATION_LEVEL = "-Onone";
			};
			name = Debug;
		};
		891FB0E02BB99B3A005C5EC2 /* Release */ = {
			isa = XCBuildConfiguration;
			buildSettings = {
				ALWAYS_SEARCH_USER_PATHS = NO;
				ASSETCATALOG_COMPILER_GENERATE_SWIFT_ASSET_SYMBOL_EXTENSIONS = YES;
				CLANG_ANALYZER_NONNULL = YES;
				CLANG_ANALYZER_NUMBER_OBJECT_CONVERSION = YES_AGGRESSIVE;
				CLANG_CXX_LANGUAGE_STANDARD = "gnu++20";
				CLANG_ENABLE_MODULES = YES;
				CLANG_ENABLE_OBJC_ARC = YES;
				CLANG_ENABLE_OBJC_WEAK = YES;
				CLANG_WARN_BLOCK_CAPTURE_AUTORELEASING = YES;
				CLANG_WARN_BOOL_CONVERSION = YES;
				CLANG_WARN_COMMA = YES;
				CLANG_WARN_CONSTANT_CONVERSION = YES;
				CLANG_WARN_DEPRECATED_OBJC_IMPLEMENTATIONS = YES;
				CLANG_WARN_DIRECT_OBJC_ISA_USAGE = YES_ERROR;
				CLANG_WARN_DOCUMENTATION_COMMENTS = YES;
				CLANG_WARN_EMPTY_BODY = YES;
				CLANG_WARN_ENUM_CONVERSION = YES;
				CLANG_WARN_INFINITE_RECURSION = YES;
				CLANG_WARN_INT_CONVERSION = YES;
				CLANG_WARN_NON_LITERAL_NULL_CONVERSION = YES;
				CLANG_WARN_OBJC_IMPLICIT_RETAIN_SELF = YES;
				CLANG_WARN_OBJC_LITERAL_CONVERSION = YES;
				CLANG_WARN_OBJC_ROOT_CLASS = YES_ERROR;
				CLANG_WARN_QUOTED_INCLUDE_IN_FRAMEWORK_HEADER = YES;
				CLANG_WARN_RANGE_LOOP_ANALYSIS = YES;
				CLANG_WARN_STRICT_PROTOTYPES = YES;
				CLANG_WARN_SUSPICIOUS_MOVE = YES;
				CLANG_WARN_UNGUARDED_AVAILABILITY = YES_AGGRESSIVE;
				CLANG_WARN_UNREACHABLE_CODE = YES;
				CLANG_WARN__DUPLICATE_METHOD_MATCH = YES;
				COPY_PHASE_STRIP = NO;
				DEBUG_INFORMATION_FORMAT = "dwarf-with-dsym";
				ENABLE_NS_ASSERTIONS = NO;
				ENABLE_STRICT_OBJC_MSGSEND = YES;
				ENABLE_USER_SCRIPT_SANDBOXING = YES;
				GCC_C_LANGUAGE_STANDARD = gnu17;
				GCC_NO_COMMON_BLOCKS = YES;
				GCC_WARN_64_TO_32_BIT_CONVERSION = YES;
				GCC_WARN_ABOUT_RETURN_TYPE = YES_ERROR;
				GCC_WARN_UNDECLARED_SELECTOR = YES;
				GCC_WARN_UNINITIALIZED_AUTOS = YES_AGGRESSIVE;
				GCC_WARN_UNUSED_FUNCTION = YES;
				GCC_WARN_UNUSED_VARIABLE = YES;
				IPHONEOS_DEPLOYMENT_TARGET = 17.4;
				LOCALIZATION_PREFERS_STRING_CATALOGS = YES;
				MTL_ENABLE_DEBUG_INFO = NO;
				MTL_FAST_MATH = YES;
				SDKROOT = iphoneos;
				SWIFT_COMPILATION_MODE = wholemodule;
				VALIDATE_PRODUCT = YES;
			};
			name = Release;
		};
		891FB0E22BB99B3A005C5EC2 /* Debug */ = {
			isa = XCBuildConfiguration;
			buildSettings = {
				ASSETCATALOG_COMPILER_APPICON_NAME = AppIcon;
				ASSETCATALOG_COMPILER_GLOBAL_ACCENT_COLOR_NAME = AccentColor;
				CODE_SIGN_STYLE = Automatic;
				CURRENT_PROJECT_VERSION = 1;
				DEVELOPMENT_ASSET_PATHS = "\"Sky Guardian/Preview Content\"";
				DEVELOPMENT_TEAM = FSGMDDB4P8;
				ENABLE_PREVIEWS = YES;
				GENERATE_INFOPLIST_FILE = YES;
				INFOPLIST_FILE = "Sky-Guardian-Info.plist";
				INFOPLIST_KEY_UIApplicationSceneManifest_Generation = YES;
				INFOPLIST_KEY_UIApplicationSupportsIndirectInputEvents = YES;
				INFOPLIST_KEY_UILaunchScreen_Generation = YES;
				INFOPLIST_KEY_UISupportedInterfaceOrientations = "UIInterfaceOrientationLandscapeLeft UIInterfaceOrientationLandscapeRight";
				INFOPLIST_KEY_UISupportedInterfaceOrientations_iPad = "UIInterfaceOrientationLandscapeLeft UIInterfaceOrientationLandscapeRight UIInterfaceOrientationPortrait UIInterfaceOrientationPortraitUpsideDown";
				IPHONEOS_DEPLOYMENT_TARGET = 15.0;
				LD_RUNPATH_SEARCH_PATHS = (
					"$(inherited)",
					"@executable_path/Frameworks",
				);
				MARKETING_VERSION = 1.0;
				PRODUCT_BUNDLE_IDENTIFIER = "com.icloud-bubiryov.Sky-Guardian";
				PRODUCT_NAME = "$(TARGET_NAME)";
				SUPPORTED_PLATFORMS = "iphoneos iphonesimulator";
				SUPPORTS_MACCATALYST = NO;
				SUPPORTS_MAC_DESIGNED_FOR_IPHONE_IPAD = NO;
				SUPPORTS_XR_DESIGNED_FOR_IPHONE_IPAD = NO;
				SWIFT_EMIT_LOC_STRINGS = YES;
				SWIFT_VERSION = 5.0;
				TARGETED_DEVICE_FAMILY = 1;
			};
			name = Debug;
		};
		891FB0E32BB99B3A005C5EC2 /* Release */ = {
			isa = XCBuildConfiguration;
			buildSettings = {
				ASSETCATALOG_COMPILER_APPICON_NAME = AppIcon;
				ASSETCATALOG_COMPILER_GLOBAL_ACCENT_COLOR_NAME = AccentColor;
				CODE_SIGN_STYLE = Automatic;
				CURRENT_PROJECT_VERSION = 1;
				DEVELOPMENT_ASSET_PATHS = "\"Sky Guardian/Preview Content\"";
				DEVELOPMENT_TEAM = FSGMDDB4P8;
				ENABLE_PREVIEWS = YES;
				GENERATE_INFOPLIST_FILE = YES;
				INFOPLIST_FILE = "Sky-Guardian-Info.plist";
				INFOPLIST_KEY_UIApplicationSceneManifest_Generation = YES;
				INFOPLIST_KEY_UIApplicationSupportsIndirectInputEvents = YES;
				INFOPLIST_KEY_UILaunchScreen_Generation = YES;
				INFOPLIST_KEY_UISupportedInterfaceOrientations = "UIInterfaceOrientationLandscapeLeft UIInterfaceOrientationLandscapeRight";
				INFOPLIST_KEY_UISupportedInterfaceOrientations_iPad = "UIInterfaceOrientationLandscapeLeft UIInterfaceOrientationLandscapeRight UIInterfaceOrientationPortrait UIInterfaceOrientationPortraitUpsideDown";
				IPHONEOS_DEPLOYMENT_TARGET = 15.0;
				LD_RUNPATH_SEARCH_PATHS = (
					"$(inherited)",
					"@executable_path/Frameworks",
				);
				MARKETING_VERSION = 1.0;
				PRODUCT_BUNDLE_IDENTIFIER = "com.icloud-bubiryov.Sky-Guardian";
				PRODUCT_NAME = "$(TARGET_NAME)";
				SUPPORTED_PLATFORMS = "iphoneos iphonesimulator";
				SUPPORTS_MACCATALYST = NO;
				SUPPORTS_MAC_DESIGNED_FOR_IPHONE_IPAD = NO;
				SUPPORTS_XR_DESIGNED_FOR_IPHONE_IPAD = NO;
				SWIFT_EMIT_LOC_STRINGS = YES;
				SWIFT_VERSION = 5.0;
				TARGETED_DEVICE_FAMILY = 1;
			};
			name = Release;
		};
/* End XCBuildConfiguration section */

/* Begin XCConfigurationList section */
		891FB0CE2BB99B39005C5EC2 /* Build configuration list for PBXProject "Sky Guardian" */ = {
			isa = XCConfigurationList;
			buildConfigurations = (
				891FB0DF2BB99B3A005C5EC2 /* Debug */,
				891FB0E02BB99B3A005C5EC2 /* Release */,
			);
			defaultConfigurationIsVisible = 0;
			defaultConfigurationName = Release;
		};
		891FB0E12BB99B3A005C5EC2 /* Build configuration list for PBXNativeTarget "Sky Guardian" */ = {
			isa = XCConfigurationList;
			buildConfigurations = (
				891FB0E22BB99B3A005C5EC2 /* Debug */,
				891FB0E32BB99B3A005C5EC2 /* Release */,
			);
			defaultConfigurationIsVisible = 0;
			defaultConfigurationName = Release;
		};
/* End XCConfigurationList section */
	};
	rootObject = 891FB0CB2BB99B39005C5EC2 /* Project object */;
}
